PODS:
  - Expecta (1.0.2)
  - podtest-ios (0.1.0)
  - Specta (1.0.3)

DEPENDENCIES:
  - Expecta
  - podtest-ios (from `../`)
  - Specta

EXTERNAL SOURCES:
  podtest-ios:
    :path: ../

SPEC CHECKSUMS:
  Expecta: 54e8a3530add08f4f0208c111355eda7cde74a53
  podtest-ios: cd5a4927ab5e76a758551228c2b10d8312dd41be
  Specta: cf3e4188cf35375c3ee2cd03f8db8f1f4ef98234

COCOAPODS: 0.38.2
